<?xml version="1.0" encoding="utf-8"?>
<Project ToolsVersion="4.0" xmlns="http://schemas.microsoft.com/developer/msbuild/2003">
  <ItemGroup>
    <Filter Include="Source Files">
      <UniqueIdentifier>{4FC737F1-C7A5-4376-A066-2A32D752A2FF}</UniqueIdentifier>
      <Extensions>cpp;c;cc;cxx;c++;cppm;ixx;def;odl;idl;hpj;bat;asm;asmx</Extensions>
    </Filter>
    <Filter Include="Header Files">
      <UniqueIdentifier>{93995380-89BD-4b04-88EB-625FBE52EBFB}</UniqueIdentifier>
      <Extensions>h;hh;hpp;hxx;h++;hm;inl;inc;ipp;xsd</Extensions>
    </Filter>
    <Filter Include="Resource Files">
      <UniqueIdentifier>{67DA6AB6-F800-4c08-8B7A-83BB121AAD01}</UniqueIdentifier>
      <Extensions>rc;ico;cur;bmp;dlg;rc2;rct;bin;rgs;gif;jpg;jpeg;jpe;resx;tiff;tif;png;wav;mfcribbon-ms</Extensions>
    </Filter>
    <Filter Include="Header Files\Ciphers">
      <UniqueIdentifier>{6cf2c39f-4f8f-4f46-9ca6-4c9717d8dc03}</UniqueIdentifier>
    </Filter>
    <Filter Include="Source Files\Ciphers">
      <UniqueIdentifier>{8d3b1422-22e2-4985-9573-2908e9bd6e2d}</UniqueIdentifier>
    </Filter>
    <Filter Include="Header Files\Commands">
      <UniqueIdentifier>{d32f4e1c-6e04-4e56-889a-6870544add7c}</UniqueIdentifier>
    </Filter>
    <Filter Include="Source Files\Commands">
      <UniqueIdentifier>{63d575d1-19dd-4335-abf7-cfcd437e691a}</UniqueIdentifier>
    </Filter>
  </ItemGroup>
  <ItemGroup>
    <ClCompile Include="Password_Manager.cpp">
      <Filter>Source Files</Filter>
    </ClCompile>
    <ClCompile Include="Utils.cpp">
      <Filter>Source Files</Filter>
    </ClCompile>
    <ClCompile Include="CeasarCipher.cpp">
      <Filter>Source Files\Ciphers</Filter>
    </ClCompile>
    <ClCompile Include="Cipher.cpp">
      <Filter>Source Files\Ciphers</Filter>
    </ClCompile>
    <ClCompile Include="CipherFactory.cpp">
      <Filter>Source Files\Ciphers</Filter>
    </ClCompile>
    <ClCompile Include="HillCipher.cpp">
      <Filter>Source Files\Ciphers</Filter>
    </ClCompile>
    <ClCompile Include="TextCodeCipher.cpp">
      <Filter>Source Files\Ciphers</Filter>
    </ClCompile>
    <ClCompile Include="Command.cpp">
      <Filter>Source Files\Commands</Filter>
    </ClCompile>
    <ClCompile Include="CreateCommand.cpp">
      <Filter>Source Files</Filter>
    </ClCompile>
    <ClCompile Include="WebsiteEntity.cpp">
      <Filter>Source Files</Filter>
    </ClCompile>
    <ClCompile Include="IOManager.cpp">
      <Filter>Source Files</Filter>
    </ClCompile>
    <ClCompile Include="PasswordFile.cpp">
      <Filter>Source Files</Filter>
    </ClCompile>
    <ClCompile Include="PassFileManager.cpp">
      <Filter>Source Files</Filter>
    </ClCompile>
    <ClCompile Include="FileEncryptor.cpp">
      <Filter>Source Files</Filter>
    </ClCompile>
  </ItemGroup>
  <ItemGroup>
    <ClInclude Include="MyMap.hpp">
      <Filter>Header Files</Filter>
    </ClInclude>
    <ClInclude Include="resource.h">
      <Filter>Header Files</Filter>
    </ClInclude>
    <ClInclude Include="Utils.h">
      <Filter>Header Files</Filter>
    </ClInclude>
    <ClInclude Include="CeasarCipher.h">
      <Filter>Header Files\Ciphers</Filter>
    </ClInclude>
    <ClInclude Include="Cipher.h">
      <Filter>Header Files\Ciphers</Filter>
    </ClInclude>
    <ClInclude Include="CipherFactory.h">
      <Filter>Header Files\Ciphers</Filter>
    </ClInclude>
    <ClInclude Include="HillCipher.h">
      <Filter>Header Files\Ciphers</Filter>
    </ClInclude>
    <ClInclude Include="TextCodeCipher.h">
      <Filter>Header Files\Ciphers</Filter>
    </ClInclude>
    <ClInclude Include="Command.h">
      <Filter>Header Files\Commands</Filter>
    </ClInclude>
    <ClInclude Include="CreateCommand.h">
      <Filter>Header Files</Filter>
    </ClInclude>
    <ClInclude Include="WebsiteEntity.h">
      <Filter>Header Files</Filter>
    </ClInclude>
    <ClInclude Include="IOManager.h">
      <Filter>Header Files</Filter>
    </ClInclude>
    <ClInclude Include="PasswordFile.h">
      <Filter>Header Files</Filter>
    </ClInclude>
    <ClInclude Include="PassFileManager.h">
      <Filter>Header Files</Filter>
    </ClInclude>
    <ClInclude Include="FileEncryptor.h">
      <Filter>Header Files</Filter>
    </ClInclude>
  </ItemGroup>
  <ItemGroup>
    <ResourceCompile Include="Password_Manager.rc">
      <Filter>Resource Files</Filter>
    </ResourceCompile>
  </ItemGroup>
</Project>